github.com/davecgh/go-spew v1.1.1 h1:vj9j/u1bqnvCEfJOwUhtlOARqs3+rkHYY13jYWTU97c=
github.com/davecgh/go-spew v1.1.1/go.mod h1:J7Y8YcW2NihsgmVo/mv3lAwl/skON4iLHjSsI+c5H38=
github.com/joegasewicz/form-validator v1.3.1 h1:pmjdBHzwmpNjLiOTKLjrwnOOS6zMgp8H9br2dcxi/kw=
github.com/joegasewicz/form-validator v1.3.1/go.mod h1:XLQZTLC/+v/032QOAeZOGLcH8TZZqBafHMaDPGMNs0Q=
github.com/joegasewicz/gomek v0.4.11 h1:rdaFbwihPyB0dhtsAQxKQUJDZ4W/otkHdtHWMEVC4Sw=
github.com/joegasewicz/gomek v0.4.11/go.mod h1:xIA1E1/iQc/4XB+YgiKDYtfH5wmUXRn78DocLH5urGI=
github.com/joegasewicz/identity-client v0.3.0 h1:rb3co7yAMz+EyyV+1e21C0ZO9HNwT0u7mDrByLQ+cZY=
github.com/joegasewicz/identity-client v0.3.0/go.mod h1:fkh3+tK4CdtEAMRcxuK7VCRXAzSOFN9FVYyDbnq9EEA=
github.com/joegasewicz/status-writer v1.0.0 h1:cTj5iymQNypLtlIlR3gByLGiBhYsvYZ4rMSdsUlbrHE=
github.com/joegasewicz/status-writer v1.0.0/go.mod h1:7NiC8jbjB1SxpVURMYsViRZeyQrPEBu/gSEjnwDDw+U=
github.com/justinas/nosurf v1.2.0 h1:yMs1bSRrNiwXk4AS6n8vL2Ssgpb9CB25T/4xrixaK0s=
github.com/justinas/nosurf v1.2.0/go.mod h1:ALpWdSbuNGy2lZWtyXdjkYv4edL23oSEgfBT1gPJ5BQ=
github.com/pmezard/go-difflib v1.0.0 h1:4DBwDE0NGyQoBHbLQYPwSUPoCMWR5BEzIk/f1lZbAQM=
github.com/pmezard/go-difflib v1.0.0/go.mod h1:iKH77koFhYxTK1pcRnkKkqfTogsbg7gZNVY4sRDYZ/4=
github.com/stretchr/testify v1.10.0 h1:Xv5erBjTwe/5IxqUQTdXv5kgmIvbHo3QQyRwhJsOfJA=
github.com/stretchr/testify v1.10.0/go.mod h1:r2ic/lqez/lEtzL7wO/rwa5dbSLXVDPFyf8C91i36aY=
gopkg.in/yaml.v3 v3.0.1 h1:fxVm/GzAzEWqLHuvctI91KS9hhNmmWOoWu0XTYJS7CA=
gopkg.in/yaml.v3 v3.0.1/go.mod h1:K4uyk7z7BCEPqu6E+C64Yfv1cQ7kz7rIZviUmN+EgEM=
